
Microsoft Visual Studio Solution File, Format Version 12.00
# Visual Studio Version 17
VisualStudioVersion = 17.4.33103.184
MinimumVisualStudioVersion = 10.0.40219.1
Project("{FAE04EC0-301F-11D3-BF4B-00C04F79EFBC}") = "Todo-List", "Todo-List\Todo-List.csproj", "{163CD494-B2B8-4343-9121-1B5C75397743}"
EndProject
Global
	GlobalSection(SolutionConfigurationPlatforms) = preSolution
		Debug|Any CPU = Debug|Any CPU
		Release|Any CPU = Release|Any CPU
	EndGlobalSection
	GlobalSection(ProjectConfigurationPlatforms) = postSolution
		{163CD494-B2B8-4343-9121-1B5C75397743}.Debug|Any CPU.ActiveCfg = Debug|Any CPU
		{163CD494-B2B8-4343-9121-1B5C75397743}.Debug|Any CPU.Build.0 = Debug|Any CPU
		{163CD494-B2B8-4343-9121-1B5C75397743}.Release|Any CPU.ActiveCfg = Release|Any CPU
		{163CD494-B2B8-4343-9121-1B5C75397743}.Release|Any CPU.Build.0 = Release|Any CPU
	EndGlobalSection
	GlobalSection(SolutionProperties) = preSolution
		HideSolutionNode = FALSE
	EndGlobalSection
	GlobalSection(ExtensibilityGlobals) = postSolution
		SolutionGuid = {3EFD0ECD-DA70-4431-B35B-7491874D7E8E}
	EndGlobalSection
EndGlobal
